// !$*UTF8*$!
{
	archiveVersion = 1;
	classes = {
	};
	objectVersion = 46;
	objects = {

/* Begin PBXBuildFile section */
		32BEDF301B941A3E007A2B8A /* main.m in Sources */ = {isa = PBXBuildFile; fileRef = 32BEDF2F1B941A3E007A2B8A /* main.m */; };
		32BEDF331B941A3E007A2B8A /* AppDelegate.m in Sources */ = {isa = PBXBuildFile; fileRef = 32BEDF321B941A3E007A2B8A /* AppDelegate.m */; };
		32BEDF361B941A3E007A2B8A /* ViewController.m in Sources */ = {isa = PBXBuildFile; fileRef = 32BEDF351B941A3E007A2B8A /* ViewController.m */; };
		32BEDF391B941A3E007A2B8A /* Main.storyboard in Resources */ = {isa = PBXBuildFile; fileRef = 32BEDF371B941A3E007A2B8A /* Main.storyboard */; };
		32BEDF3B1B941A3E007A2B8A /* Images.xcassets in Resources */ = {isa = PBXBuildFile; fileRef = 32BEDF3A1B941A3E007A2B8A /* Images.xcassets */; };
		32BEDF3E1B941A3E007A2B8A /* LaunchScreen.xib in Resources */ = {isa = PBXBuildFile; fileRef = 32BEDF3C1B941A3E007A2B8A /* LaunchScreen.xib */; };
		32BEDF4A1B941A3E007A2B8A /* LBPersonalPageTests.m in Sources */ = {isa = PBXBuildFile; fileRef = 32BEDF491B941A3E007A2B8A /* LBPersonalPageTests.m */; };
/* End PBXBuildFile section */

/* Begin PBXContainerItemProxy section */
		32BEDF441B941A3E007A2B8A /* PBXContainerItemProxy */ = {
			isa = PBXContainerItemProxy;
			containerPortal = 32BEDF221B941A3E007A2B8A /* Project object */;
			proxyType = 1;
			remoteGlobalIDString = 32BEDF291B941A3E007A2B8A;
			remoteInfo = LBPersonalPage;
		};
/* End PBXContainerItemProxy section */

/* Begin PBXFileReference section */
		32BEDF2A1B941A3E007A2B8A /* LBPersonalPage.app */ = {isa = PBXFileReference; explicitFileType = wrapper.application; includeInIndex = 0; path = LBPersonalPage.app; sourceTree = BUILT_PRODUCTS_DIR; };
		32BEDF2E1B941A3E007A2B8A /* Info.plist */ = {isa = PBXFileReference; lastKnownFileType = text.plist.xml; path = Info.plist; sourceTree = "<group>"; };
		32BEDF2F1B941A3E007A2B8A /* main.m */ = {isa = PBXFileReference; lastKnownFileType = sourcecode.c.objc; path = main.m; sourceTree = "<group>"; };
		32BEDF311B941A3E007A2B8A /* AppDelegate.h */ = {isa = PBXFileReference; lastKnownFileType = sourcecode.c.h; path = AppDelegate.h; sourceTree = "<group>"; };
		32BEDF321B941A3E007A2B8A /* AppDelegate.m */ = {isa = PBXFileReference; lastKnownFileType = sourcecode.c.objc; path = AppDelegate.m; sourceTree = "<group>"; };
		32BEDF341B941A3E007A2B8A /* ViewController.h */ = {isa = PBXFileReference; lastKnownFileType = sourcecode.c.h; path = ViewController.h; sourceTree = "<group>"; };
		32BEDF351B941A3E007A2B8A /* ViewController.m */ = {isa = PBXFileReference; lastKnownFileType = sourcecode.c.objc; path = ViewController.m; sourceTree = "<group>"; };
		32BEDF381B941A3E007A2B8A /* Base */ = {isa = PBXFileReference; lastKnownFileType = file.storyboard; name = Base; path = Base.lproj/Main.storyboard; sourceTree = "<group>"; };
		32BEDF3A1B941A3E007A2B8A /* Images.xcassets */ = {isa = PBXFileReference; lastKnownFileType = folder.assetcatalog; path = Images.xcassets; sourceTree = "<group>"; };
		32BEDF3D1B941A3E007A2B8A /* Base */ = {isa = PBXFileReference; lastKnownFileType = file.xib; name = Base; path = Base.lproj/LaunchScreen.xib; sourceTree = "<group>"; };
		32BEDF431B941A3E007A2B8A /* LBPersonalPageTests.xctest */ = {isa = PBXFileReference; explicitFileType = wrapper.cfbundle; includeInIndex = 0; path = LBPersonalPageTests.xctest; sourceTree = BUILT_PRODUCTS_DIR; };
		32BEDF481B941A3E007A2B8A /* Info.plist */ = {isa = PBXFileReference; lastKnownFileType = text.plist.xml; path = Info.plist; sourceTree = "<group>"; };
		32BEDF491B941A3E007A2B8A /* LBPersonalPageTests.m */ = {isa = PBXFileReference; lastKnownFileType = sourcecode.c.objc; path = LBPersonalPageTests.m; sourceTree = "<group>"; };
/* End PBXFileReference section */

/* Begin PBXFrameworksBuildPhase section */
		32BEDF271B941A3E007A2B8A /* Frameworks */ = {
			isa = PBXFrameworksBuildPhase;
			buildActionMask = 2147483647;
			files = (
			);
			runOnlyForDeploymentPostprocessing = 0;
		};
		32BEDF401B941A3E007A2B8A /* Frameworks */ = {
			isa = PBXFrameworksBuildPhase;
			buildActionMask = 2147483647;
			files = (
			);
			runOnlyForDeploymentPostprocessing = 0;
		};
/* End PBXFrameworksBuildPhase section */

/* Begin PBXGroup section */
		32BEDF211B941A3E007A2B8A = {
			isa = PBXGroup;
			children = (
				32BEDF2C1B941A3E007A2B8A /* LBPersonalPage */,
				32BEDF461B941A3E007A2B8A /* LBPersonalPageTests */,
				32BEDF2B1B941A3E007A2B8A /* Products */,
			);
			sourceTree = "<group>";
		};
		32BEDF2B1B941A3E007A2B8A /* Products */ = {
			isa = PBXGroup;
			children = (
				32BEDF2A1B941A3E007A2B8A /* LBPersonalPage.app */,
				32BEDF431B941A3E007A2B8A /* LBPersonalPageTests.xctest */,
			);
			name = Products;
			sourceTree = "<group>";
		};
		32BEDF2C1B941A3E007A2B8A /* LBPersonalPage */ = {
			isa = PBXGroup;
			children = (
				32BEDF311B941A3E007A2B8A /* AppDelegate.h */,
				32BEDF321B941A3E007A2B8A /* AppDelegate.m */,
				32BEDF341B941A3E007A2B8A /* ViewController.h */,
				32BEDF351B941A3E007A2B8A /* ViewController.m */,
				32BEDF371B941A3E007A2B8A /* Main.storyboard */,
				32BEDF3A1B941A3E007A2B8A /* Images.xcassets */,
				32BEDF3C1B941A3E007A2B8A /* LaunchScreen.xib */,
				32BEDF2D1B941A3E007A2B8A /* Supporting Files */,
			);
			path = LBPersonalPage;
			sourceTree = "<group>";
		};
		32BEDF2D1B941A3E007A2B8A /* Supporting Files */ = {
			isa = PBXGroup;
			children = (
				32BEDF2E1B941A3E007A2B8A /* Info.plist */,
				32BEDF2F1B941A3E007A2B8A /* main.m */,
			);
			name = "Supporting Files";
			sourceTree = "<group>";
		};
		32BEDF461B941A3E007A2B8A /* LBPersonalPageTests */ = {
			isa = PBXGroup;
			children = (
				32BEDF491B941A3E007A2B8A /* LBPersonalPageTests.m */,
				32BEDF471B941A3E007A2B8A /* Supporting Files */,
			);
			path = LBPersonalPageTests;
			sourceTree = "<group>";
		};
		32BEDF471B941A3E007A2B8A /* Supporting Files */ = {
			isa = PBXGroup;
			children = (
				32BEDF481B941A3E007A2B8A /* Info.plist */,
			);
			name = "Supporting Files";
			sourceTree = "<group>";
		};
/* End PBXGroup section */

/* Begin PBXNativeTarget section */
		32BEDF291B941A3E007A2B8A /* LBPersonalPage */ = {
			isa = PBXNativeTarget;
			buildConfigurationList = 32BEDF4D1B941A3E007A2B8A /* Build configuration list for PBXNativeTarget "LBPersonalPage" */;
			buildPhases = (
				32BEDF261B941A3E007A2B8A /* Sources */,
				32BEDF271B941A3E007A2B8A /* Frameworks */,
				32BEDF281B941A3E007A2B8A /* Resources */,
			);
			buildRules = (
			);
			dependencies = (
			);
			name = LBPersonalPage;
			productName = LBPersonalPage;
			productReference = 32BEDF2A1B941A3E007A2B8A /* LBPersonalPage.app */;
			productType = "com.apple.product-type.application";
		};
		32BEDF421B941A3E007A2B8A /* LBPersonalPageTests */ = {
			isa = PBXNativeTarget;
			buildConfigurationList = 32BEDF501B941A3E007A2B8A /* Build configuration list for PBXNativeTarget "LBPersonalPageTests" */;
			buildPhases = (
				32BEDF3F1B941A3E007A2B8A /* Sources */,
				32BEDF401B941A3E007A2B8A /* Frameworks */,
				32BEDF411B941A3E007A2B8A /* Resources */,
			);
			buildRules = (
			);
			dependencies = (
				32BEDF451B941A3E007A2B8A /* PBXTargetDependency */,
			);
			name = LBPersonalPageTests;
			productName = LBPersonalPageTests;
			productReference = 32BEDF431B941A3E007A2B8A /* LBPersonalPageTests.xctest */;
			productType = "com.apple.product-type.bundle.unit-test";
		};
/* End PBXNativeTarget section */

/* Begin PBXProject section */
		32BEDF221B941A3E007A2B8A /* Project object */ = {
			isa = PBXProject;
			attributes = {
				LastUpgradeCheck = 0630;
				ORGANIZATIONNAME = Bison;
				TargetAttributes = {
					32BEDF291B941A3E007A2B8A = {
						CreatedOnToolsVersion = 6.3;
					};
					32BEDF421B941A3E007A2B8A = {
						CreatedOnToolsVersion = 6.3;
						TestTargetID = 32BEDF291B941A3E007A2B8A;
					};
				};
			};
			buildConfigurationList = 32BEDF251B941A3E007A2B8A /* Build configuration list for PBXProject "LBPersonalPage" */;
			compatibilityVersion = "Xcode 3.2";
			developmentRegion = English;
			hasScannedForEncodings = 0;
			knownRegions = (
				en,
				Base,
			);
			mainGroup = 32BEDF211B941A3E007A2B8A;
			productRefGroup = 32BEDF2B1B941A3E007A2B8A /* Products */;
			projectDirPath = "";
			projectRoot = "";
			targets = (
				32BEDF291B941A3E007A2B8A /* LBPersonalPage */,
				32BEDF421B941A3E007A2B8A /* LBPersonalPageTests */,
			);
		};
/* End PBXProject section */

/* Begin PBXResourcesBuildPhase section */
		32BEDF281B941A3E007A2B8A /* Resources */ = {
			isa = PBXResourcesBuildPhase;
			buildActionMask = 2147483647;
			files = (
				32BEDF391B941A3E007A2B8A /* Main.storyboard in Resources */,
				32BEDF3E1B941A3E007A2B8A /* LaunchScreen.xib in Resources */,
				32BEDF3B1B941A3E007A2B8A /* Images.xcassets in Resources */,
			);
			runOnlyForDeploymentPostprocessing = 0;
		};
		32BEDF411B941A3E007A2B8A /* Resources */ = {
			isa = PBXResourcesBuildPhase;
			buildActionMask = 2147483647;
			files = (
			);
			runOnlyForDeploymentPostprocessing = 0;
		};
/* End PBXResourcesBuildPhase section */

/* Begin PBXSourcesBuildPhase section */
		32BEDF261B941A3E007A2B8A /* Sources */ = {
			isa = PBXSourcesBuildPhase;
			buildActionMask = 2147483647;
			files = (
				32BEDF361B941A3E007A2B8A /* ViewController.m in Sources */,
				32BEDF331B941A3E007A2B8A /* AppDelegate.m in Sources */,
				32BEDF301B941A3E007A2B8A /* main.m in Sources */,
			);
			runOnlyForDeploymentPostprocessing = 0;
		};
		32BEDF3F1B941A3E007A2B8A /* Sources */ = {
			isa = PBXSourcesBuildPhase;
			buildActionMask = 2147483647;
			files = (
				32BEDF4A1B941A3E007A2B8A /* LBPersonalPageTests.m in Sources */,
			);
			runOnlyForDeploymentPostprocessing = 0;
		};
/* End PBXSourcesBuildPhase section */

/* Begin PBXTargetDependency section */
		32BEDF451B941A3E007A2B8A /* PBXTargetDependency */ = {
			isa = PBXTargetDependency;
			target = 32BEDF291B941A3E007A2B8A /* LBPersonalPage */;
			targetProxy = 32BEDF441B941A3E007A2B8A /* PBXContainerItemProxy */;
		};
/* End PBXTargetDependency section */

/* Begin PBXVariantGroup section */
		32BEDF371B941A3E007A2B8A /* Main.storyboard */ = {
			isa = PBXVariantGroup;
			children = (
				32BEDF381B941A3E007A2B8A /* Base */,
			);
			name = Main.storyboard;
			sourceTree = "<group>";
		};
		32BEDF3C1B941A3E007A2B8A /* LaunchScreen.xib */ = {
			isa = PBXVariantGroup;
			children = (
				32BEDF3D1B941A3E007A2B8A /* Base */,
			);
			name = LaunchScreen.xib;
			sourceTree = "<group>";
		};
/* End PBXVariantGroup section */

/* Begin XCBuildConfiguration section */
		32BEDF4B1B941A3E007A2B8A /* Debug */ = {
			isa = XCBuildConfiguration;
			buildSettings = {
				ALWAYS_SEARCH_USER_PATHS = NO;
				CLANG_CXX_LANGUAGE_STANDARD = "gnu++0x";
				CLANG_CXX_LIBRARY = "libc++";
				CLANG_ENABLE_MODULES = YES;
				CLANG_ENABLE_OBJC_ARC = YES;
				CLANG_WARN_BOOL_CONVERSION = YES;
				CLANG_WARN_CONSTANT_CONVERSION = YES;
				CLANG_WARN_DIRECT_OBJC_ISA_USAGE = YES_ERROR;
				CLANG_WARN_EMPTY_BODY = YES;
				CLANG_WARN_ENUM_CONVERSION = YES;
				CLANG_WARN_INT_CONVERSION = YES;
				CLANG_WARN_OBJC_ROOT_CLASS = YES_ERROR;
				CLANG_WARN_UNREACHABLE_CODE = YES;
				CLANG_WARN__DUPLICATE_METHOD_MATCH = YES;
				"CODE_SIGN_IDENTITY[sdk=iphoneos*]" = "iPhone Developer";
				COPY_PHASE_STRIP = NO;
				DEBUG_INFORMATION_FORMAT = "dwarf-with-dsym";
				ENABLE_STRICT_OBJC_MSGSEND = YES;
				GCC_C_LANGUAGE_STANDARD = gnu99;
				GCC_DYNAMIC_NO_PIC = NO;
				GCC_NO_COMMON_BLOCKS = YES;
				GCC_OPTIMIZATION_LEVEL = 0;
				GCC_PREPROCESSOR_DEFINITIONS = (
					"DEBUG=1",
					"$(inherited)",
				);
				GCC_SYMBOLS_PRIVATE_EXTERN = NO;
				GCC_WARN_64_TO_32_BIT_CONVERSION = YES;
				GCC_WARN_ABOUT_RETURN_TYPE = YES_ERROR;
				GCC_WARN_UNDECLARED_SELECTOR = YES;
				GCC_WARN_UNINITIALIZED_AUTOS = YES_AGGRESSIVE;
				GCC_WARN_UNUSED_FUNCTION = YES;
				GCC_WARN_UNUSED_VARIABLE = YES;
				IPHONEOS_DEPLOYMENT_TARGET = 8.3;
				MTL_ENABLE_DEBUG_INFO = YES;
				ONLY_ACTIVE_ARCH = YES;
				SDKROOT = iphoneos;
			};
			name = Debug;
		};
		32BEDF4C1B941A3E007A2B8A /* Release */ = {
			isa = XCBuildConfiguration;
			buildSettings = {
				ALWAYS_SEARCH_USER_PATHS = NO;
				CLANG_CXX_LANGUAGE_STANDARD = "gnu++0x";
				CLANG_CXX_LIBRARY = "libc++";
				CLANG_ENABLE_MODULES = YES;
				CLANG_ENABLE_OBJC_ARC = YES;
				CLANG_WARN_BOOL_CONVERSION = YES;
				CLANG_WARN_CONSTANT_CONVERSION = YES;
				CLANG_WARN_DIRECT_OBJC_ISA_USAGE = YES_ERROR;
				CLANG_WARN_EMPTY_BODY = YES;
				CLANG_WARN_ENUM_CONVERSION = YES;
				CLANG_WARN_INT_CONVERSION = YES;
				CLANG_WARN_OBJC_ROOT_CLASS = YES_ERROR;
				CLANG_WARN_UNREACHABLE_CODE = YES;
				CLANG_WARN__DUPLICATE_METHOD_MATCH = YES;
				"CODE_SIGN_IDENTITY[sdk=iphoneos*]" = "iPhone Developer";
				COPY_PHASE_STRIP = NO;
				DEBUG_INFORMATION_FORMAT = "dwarf-with-dsym";
				ENABLE_NS_ASSERTIONS = NO;
				ENABLE_STRICT_OBJC_MSGSEND = YES;
				GCC_C_LANGUAGE_STANDARD = gnu99;
				GCC_NO_COMMON_BLOCKS = YES;
				GCC_WARN_64_TO_32_BIT_CONVERSION = YES;
				GCC_WARN_ABOUT_RETURN_TYPE = YES_ERROR;
				GCC_WARN_UNDECLARED_SELECTOR = YES;
				GCC_WARN_UNINITIALIZED_AUTOS = YES_AGGRESSIVE;
				GCC_WARN_UNUSED_FUNCTION = YES;
				GCC_WARN_UNUSED_VARIABLE = YES;
				IPHONEOS_DEPLOYMENT_TARGET = 8.3;
				MTL_ENABLE_DEBUG_INFO = NO;
				SDKROOT = iphoneos;
				VALIDATE_PRODUCT = YES;
			};
			name = Release;
		};
		32BEDF4E1B941A3E007A2B8A /* Debug */ = {
			isa = XCBuildConfiguration;
			buildSettings = {
				ASSETCATALOG_COMPILER_APPICON_NAME = AppIcon;
				INFOPLIST_FILE = LBPersonalPage/Info.plist;
				LD_RUNPATH_SEARCH_PATHS = "$(inherited) @executable_path/Frameworks";
				PRODUCT_NAME = "$(TARGET_NAME)";
			};
			name = Debug;
		};
		32BEDF4F1B941A3E007A2B8A /* Release */ = {
			isa = XCBuildConfiguration;
			buildSettings = {
				ASSETCATALOG_COMPILER_APPICON_NAME = AppIcon;
				INFOPLIST_FILE = LBPersonalPage/Info.plist;
				LD_RUNPATH_SEARCH_PATHS = "$(inherited) @executable_path/Frameworks";
				PRODUCT_NAME = "$(TARGET_NAME)";
			};
			name = Release;
		};
		32BEDF511B941A3E007A2B8A /* Debug */ = {
			isa = XCBuildConfiguration;
			buildSettings = {
				BUNDLE_LOADER = "$(TEST_HOST)";
				FRAMEWORK_SEARCH_PATHS = (
					"$(SDKROOT)/Developer/Library/Frameworks",
					"$(inherited)",
				);
				GCC_PREPROCESSOR_DEFINITIONS = (
					"DEBUG=1",
					"$(inherited)",
				);
				INFOPLIST_FILE = LBPersonalPageTests/Info.plist;
				LD_RUNPATH_SEARCH_PATHS = "$(inherited) @executable_path/Frameworks @loader_path/Frameworks";
				PRODUCT_NAME = "$(TARGET_NAME)";
				TEST_HOST = "$(BUILT_PRODUCTS_DIR)/LBPersonalPage.app/LBPersonalPage";
			};
			name = Debug;
		};
		32BEDF521B941A3E007A2B8A /* Release */ = {
			isa = XCBuildConfiguration;
			buildSettings = {
				BUNDLE_LOADER = "$(TEST_HOST)";
				FRAMEWORK_SEARCH_PATHS = (
					"$(SDKROOT)/Developer/Library/Frameworks",
					"$(inherited)",
				);
				INFOPLIST_FILE = LBPersonalPageTests/Info.plist;
				LD_RUNPATH_SEARCH_PATHS = "$(inherited) @executable_path/Frameworks @loader_path/Frameworks";
				PRODUCT_NAME = "$(TARGET_NAME)";
				TEST_HOST = "$(BUILT_PRODUCTS_DIR)/LBPersonalPage.app/LBPersonalPage";
			};
			name = Release;
		};
/* End XCBuildConfiguration section */

/* Begin XCConfigurationList section */
		32BEDF251B941A3E007A2B8A /* Build configuration list for PBXProject "LBPersonalPage" */ = {
			isa = XCConfigurationList;
			buildConfigurations = (
				32BEDF4B1B941A3E007A2B8A /* Debug */,
				32BEDF4C1B941A3E007A2B8A /* Release */,
			);
			defaultConfigurationIsVisible = 0;
			defaultConfigurationName = Release;
		};
		32BEDF4D1B941A3E007A2B8A /* Build configuration list for PBXNativeTarget "LBPersonalPage" */ = {
			isa = XCConfigurationList;
			buildConfigurations = (
				32BEDF4E1B941A3E007A2B8A /* Debug */,
				32BEDF4F1B941A3E007A2B8A /* Release */,
			);
			defaultConfigurationIsVisible = 0;
		};
		32BEDF501B941A3E007A2B8A /* Build configuration list for PBXNativeTarget "LBPersonalPageTests" */ = {
			isa = XCConfigurationList;
			buildConfigurations = (
				32BEDF511B941A3E007A2B8A /* Debug */,
				32BEDF521B941A3E007A2B8A /* Release */,
			);
			defaultConfigurationIsVisible = 0;
		};
/* End XCConfigurationList section */
	};
	rootObject = 32BEDF221B941A3E007A2B8A /* Project object */;
}
